
Microsoft Visual Studio Solution File, Format Version 12.00
# Visual Studio Version 16
VisualStudioVersion = 16.0.29418.71
MinimumVisualStudioVersion = 10.0.40219.1
Project("{9A19103F-16F7-4668-BE54-9A1E7A4F7556}") = "TelewearNew", "TelewearNew.csproj", "{C78FFCB4-81CB-44BD-804F-DEBCC24498B5}"
EndProject
Project("{9A19103F-16F7-4668-BE54-9A1E7A4F7556}") = "TelewearNew.Tizen.Wearable", "..\TelewearNew.Tizen.Wearable\TelewearNew.Tizen.Wearable.csproj", "{83BFD372-BC7C-4CEE-98FD-353D48862348}"
EndProject
Global
	GlobalSection(SolutionConfigurationPlatforms) = preSolution
		Debug|Any CPU = Debug|Any CPU
		Release|Any CPU = Release|Any CPU
	EndGlobalSection
	GlobalSection(ProjectConfigurationPlatforms) = postSolution
		{C78FFCB4-81CB-44BD-804F-DEBCC24498B5}.Debug|Any CPU.ActiveCfg = Debug|Any CPU
		{C78FFCB4-81CB-44BD-804F-DEBCC24498B5}.Debug|Any CPU.Build.0 = Debug|Any CPU
		{C78FFCB4-81CB-44BD-804F-DEBCC24498B5}.Release|Any CPU.ActiveCfg = Release|Any CPU
		{C78FFCB4-81CB-44BD-804F-DEBCC24498B5}.Release|Any CPU.Build.0 = Release|Any CPU
		{83BFD372-BC7C-4CEE-98FD-353D48862348}.Debug|Any CPU.ActiveCfg = Debug|Any CPU
		{83BFD372-BC7C-4CEE-98FD-353D48862348}.Debug|Any CPU.Build.0 = Debug|Any CPU
		{83BFD372-BC7C-4CEE-98FD-353D48862348}.Release|Any CPU.ActiveCfg = Release|Any CPU
		{83BFD372-BC7C-4CEE-98FD-353D48862348}.Release|Any CPU.Build.0 = Release|Any CPU
	EndGlobalSection
	GlobalSection(SolutionProperties) = preSolution
		HideSolutionNode = FALSE
	EndGlobalSection
	GlobalSection(ExtensibilityGlobals) = postSolution
		SolutionGuid = {8A3DCBBD-9AA8-4470-BA5F-ABC004FD6A63}
	EndGlobalSection
EndGlobal
