
Microsoft Visual Studio Solution File, Format Version 12.00
# Visual Studio Version 16
VisualStudioVersion = 16.0.28922.388
MinimumVisualStudioVersion = 10.0.40219.1
Project("{FAE04EC0-301F-11D3-BF4B-00C04F79EFBC}") = "Telewear", "Telewear\Telewear\Telewear.csproj", "{BADE8CB6-9E03-43DA-AC89-E0802ABEC52A}"
EndProject
Project("{FAE04EC0-301F-11D3-BF4B-00C04F79EFBC}") = "Telewear.Tizen.Wearable", "Telewear\Telewear.Tizen.Wearable\Telewear.Tizen.Wearable.csproj", "{A571C928-5EBF-4110-A20D-C57583800A53}"
EndProject
Global
	GlobalSection(SolutionConfigurationPlatforms) = preSolution
		Debug|Any CPU = Debug|Any CPU
		Release|Any CPU = Release|Any CPU
	EndGlobalSection
	GlobalSection(ProjectConfigurationPlatforms) = postSolution
		{BADE8CB6-9E03-43DA-AC89-E0802ABEC52A}.Debug|Any CPU.ActiveCfg = Debug|Any CPU
		{BADE8CB6-9E03-43DA-AC89-E0802ABEC52A}.Debug|Any CPU.Build.0 = Debug|Any CPU
		{BADE8CB6-9E03-43DA-AC89-E0802ABEC52A}.Release|Any CPU.ActiveCfg = Release|Any CPU
		{BADE8CB6-9E03-43DA-AC89-E0802ABEC52A}.Release|Any CPU.Build.0 = Release|Any CPU
		{A571C928-5EBF-4110-A20D-C57583800A53}.Debug|Any CPU.ActiveCfg = Debug|Any CPU
		{A571C928-5EBF-4110-A20D-C57583800A53}.Debug|Any CPU.Build.0 = Debug|Any CPU
		{A571C928-5EBF-4110-A20D-C57583800A53}.Release|Any CPU.ActiveCfg = Release|Any CPU
		{A571C928-5EBF-4110-A20D-C57583800A53}.Release|Any CPU.Build.0 = Release|Any CPU
	EndGlobalSection
	GlobalSection(SolutionProperties) = preSolution
		HideSolutionNode = FALSE
	EndGlobalSection
	GlobalSection(ExtensibilityGlobals) = postSolution
		SolutionGuid = {1B15B099-3841-452E-80B7-3DE57EFF029D}
	EndGlobalSection
EndGlobal
